{
  "name": "js_playground",
  "version": "1.0.0",
  "lockfileVersion": 3,
  "requires": true,
  "packages": {
    "": {
      "name": "js_playground",
      "version": "1.0.0",
      "license": "ISC",
      "dependencies": {
        "jsonata": "^1.8.6",
        "rxjs": "^7.8.1"
      }
    },
    "node_modules/jsonata": {
      "version": "1.8.6",
      "resolved": "https://registry.npmjs.org/jsonata/-/jsonata-1.8.6.tgz",
      "integrity": "sha512-ZH2TPYdNP2JecOl/HvrH47Xc+9imibEMQ4YqKy/F/FrM+2a6vfbGxeCX23dB9Fr6uvGwv+ghf1KxWB3iZk09wA==",
      "engines": {
        "node": ">= 8"
      }
    },
    "node_modules/rxjs": {
      "version": "7.8.1",
      "resolved": "https://registry.npmjs.org/rxjs/-/rxjs-7.8.1.tgz",
      "integrity": "sha512-AA3TVj+0A2iuIoQkWEK/tqFjBq2j+6PO6Y0zJcvzLAFhEFIO3HL0vls9hWLncZbAAbK0mar7oZ4V079I/qPMxg==",
      "dependencies": {
        "tslib": "^2.1.0"
      }
    },
    "node_modules/tslib": {
      "version": "2.8.1",
      "resolved": "https://registry.npmjs.org/tslib/-/tslib-2.8.1.tgz",
      "integrity": "sha512-oJFu94HQb+KVduSUQL7wnpmqnfmLsOA/nAh6b6EH0wCEoK0/mPeXU6c3wKDV83MkOuHPRHtSXKKU99IBazS/2w=="
    }
  }
}
